
Microsoft Visual Studio Solution File, Format Version 12.00
# Visual Studio Version 17
VisualStudioVersion = 17.4.33213.308
MinimumVisualStudioVersion = 10.0.40219.1
Project("{FAE04EC0-301F-11D3-BF4B-00C04F79EFBC}") = "ClubInterface", "ClubInterface.csproj", "{B4FF797B-8F65-4697-82B8-AD8854D92F47}"
EndProject
Global
	GlobalSection(SolutionConfigurationPlatforms) = preSolution
		Debug|Any CPU = Debug|Any CPU
		Release|Any CPU = Release|Any CPU
	EndGlobalSection
	GlobalSection(ProjectConfigurationPlatforms) = postSolution
		{B4FF797B-8F65-4697-82B8-AD8854D92F47}.Debug|Any CPU.ActiveCfg = Debug|Any CPU
		{B4FF797B-8F65-4697-82B8-AD8854D92F47}.Debug|Any CPU.Build.0 = Debug|Any CPU
		{B4FF797B-8F65-4697-82B8-AD8854D92F47}.Release|Any CPU.ActiveCfg = Release|Any CPU
		{B4FF797B-8F65-4697-82B8-AD8854D92F47}.Release|Any CPU.Build.0 = Release|Any CPU
	EndGlobalSection
	GlobalSection(SolutionProperties) = preSolution
		HideSolutionNode = FALSE
	EndGlobalSection
	GlobalSection(ExtensibilityGlobals) = postSolution
		SolutionGuid = {BA3CB456-CD6A-4C40-963A-09A193469C06}
	EndGlobalSection
EndGlobal
